
Microsoft Visual Studio Solution File, Format Version 12.00
# Visual Studio Version 17
VisualStudioVersion = 17.13.35825.156 d17.13
MinimumVisualStudioVersion = 10.0.40219.1
Project("{FAE04EC0-301F-11D3-BF4B-00C04F79EFBC}") = "Toys", "Toys\Toys.csproj", "{8A0F6301-F800-4FC0-869E-8167ADD89BF0}"
EndProject
Global
	GlobalSection(SolutionConfigurationPlatforms) = preSolution
		Debug|Any CPU = Debug|Any CPU
		Release|Any CPU = Release|Any CPU
	EndGlobalSection
	GlobalSection(ProjectConfigurationPlatforms) = postSolution
		{8A0F6301-F800-4FC0-869E-8167ADD89BF0}.Debug|Any CPU.ActiveCfg = Debug|Any CPU
		{8A0F6301-F800-4FC0-869E-8167ADD89BF0}.Debug|Any CPU.Build.0 = Debug|Any CPU
		{8A0F6301-F800-4FC0-869E-8167ADD89BF0}.Release|Any CPU.ActiveCfg = Release|Any CPU
		{8A0F6301-F800-4FC0-869E-8167ADD89BF0}.Release|Any CPU.Build.0 = Release|Any CPU
	EndGlobalSection
	GlobalSection(SolutionProperties) = preSolution
		HideSolutionNode = FALSE
	EndGlobalSection
	GlobalSection(ExtensibilityGlobals) = postSolution
		SolutionGuid = {02A575DA-CC6A-4F5E-AA53-7EC321DA88E7}
	EndGlobalSection
EndGlobal
